
Microsoft Visual Studio Solution File, Format Version 12.00
Project("{FAE04EC0-301F-11D3-BF4B-00C04F79EFBC}") = "SpotifyShuffler", "SpotifyShuffler\SpotifyShuffler.csproj", "{943E689E-6B7F-4681-96DB-D43F44D26A18}"
EndProject
Project("{FAE04EC0-301F-11D3-BF4B-00C04F79EFBC}") = "SpotifyShuffler.Database", "SpotifyShuffler.Database\SpotifyShuffler.Database.csproj", "{898406AC-5093-41EA-A7BB-C59B6529C545}"
EndProject
Project("{FAE04EC0-301F-11D3-BF4B-00C04F79EFBC}") = "SpotifyShuffler.Interface", "SpotifyShuffler.Interface\SpotifyShuffler.Interface.csproj", "{DFA821BC-9F80-4FEA-9FE6-12E5143A40D6}"
EndProject
Project("{FAE04EC0-301F-11D3-BF4B-00C04F79EFBC}") = "SpotifyShuffler.Database.Tests", "SpotifyShuffler.Database.Tests\SpotifyShuffler.Database.Tests.csproj", "{31A23ECA-DD08-4637-B8F0-CB7768D67222}"
EndProject
Project("{FAE04EC0-301F-11D3-BF4B-00C04F79EFBC}") = "SpotifyShuffler.Tests", "SpotifyShuffler.Tests\SpotifyShuffler.Tests.csproj", "{2D265035-A986-4D0D-827A-156A9D22A7F7}"
EndProject
Project("{FAE04EC0-301F-11D3-BF4B-00C04F79EFBC}") = "SpotifyShuffler.Interface.Tests", "SpotifyShuffler.Interface.Tests\SpotifyShuffler.Interface.Tests.csproj", "{C48F1E3F-1042-49A2-90F8-C8DFFE6B6B9C}"
EndProject
Global
	GlobalSection(SolutionConfigurationPlatforms) = preSolution
		Debug|Any CPU = Debug|Any CPU
		Release|Any CPU = Release|Any CPU
	EndGlobalSection
	GlobalSection(ProjectConfigurationPlatforms) = postSolution
		{943E689E-6B7F-4681-96DB-D43F44D26A18}.Debug|Any CPU.ActiveCfg = Debug|Any CPU
		{943E689E-6B7F-4681-96DB-D43F44D26A18}.Debug|Any CPU.Build.0 = Debug|Any CPU
		{943E689E-6B7F-4681-96DB-D43F44D26A18}.Release|Any CPU.ActiveCfg = Release|Any CPU
		{943E689E-6B7F-4681-96DB-D43F44D26A18}.Release|Any CPU.Build.0 = Release|Any CPU
		{898406AC-5093-41EA-A7BB-C59B6529C545}.Debug|Any CPU.ActiveCfg = Debug|Any CPU
		{898406AC-5093-41EA-A7BB-C59B6529C545}.Debug|Any CPU.Build.0 = Debug|Any CPU
		{898406AC-5093-41EA-A7BB-C59B6529C545}.Release|Any CPU.ActiveCfg = Release|Any CPU
		{898406AC-5093-41EA-A7BB-C59B6529C545}.Release|Any CPU.Build.0 = Release|Any CPU
		{DFA821BC-9F80-4FEA-9FE6-12E5143A40D6}.Debug|Any CPU.ActiveCfg = Debug|Any CPU
		{DFA821BC-9F80-4FEA-9FE6-12E5143A40D6}.Debug|Any CPU.Build.0 = Debug|Any CPU
		{DFA821BC-9F80-4FEA-9FE6-12E5143A40D6}.Release|Any CPU.ActiveCfg = Release|Any CPU
		{DFA821BC-9F80-4FEA-9FE6-12E5143A40D6}.Release|Any CPU.Build.0 = Release|Any CPU
		{31A23ECA-DD08-4637-B8F0-CB7768D67222}.Debug|Any CPU.ActiveCfg = Debug|Any CPU
		{31A23ECA-DD08-4637-B8F0-CB7768D67222}.Debug|Any CPU.Build.0 = Debug|Any CPU
		{31A23ECA-DD08-4637-B8F0-CB7768D67222}.Release|Any CPU.ActiveCfg = Release|Any CPU
		{31A23ECA-DD08-4637-B8F0-CB7768D67222}.Release|Any CPU.Build.0 = Release|Any CPU
		{2D265035-A986-4D0D-827A-156A9D22A7F7}.Debug|Any CPU.ActiveCfg = Debug|Any CPU
		{2D265035-A986-4D0D-827A-156A9D22A7F7}.Debug|Any CPU.Build.0 = Debug|Any CPU
		{2D265035-A986-4D0D-827A-156A9D22A7F7}.Release|Any CPU.ActiveCfg = Release|Any CPU
		{2D265035-A986-4D0D-827A-156A9D22A7F7}.Release|Any CPU.Build.0 = Release|Any CPU
		{C48F1E3F-1042-49A2-90F8-C8DFFE6B6B9C}.Debug|Any CPU.ActiveCfg = Debug|Any CPU
		{C48F1E3F-1042-49A2-90F8-C8DFFE6B6B9C}.Debug|Any CPU.Build.0 = Debug|Any CPU
		{C48F1E3F-1042-49A2-90F8-C8DFFE6B6B9C}.Release|Any CPU.ActiveCfg = Release|Any CPU
		{C48F1E3F-1042-49A2-90F8-C8DFFE6B6B9C}.Release|Any CPU.Build.0 = Release|Any CPU
	EndGlobalSection
EndGlobal
